// !$*UTF8*$!
{
	archiveVersion = 1;
	classes = {
	};
	objectVersion = 50;
	objects = {

/* Begin PBXBuildFile section */
		3B8B9E9322819D870033A7F4 /* AppDelegate.m in Sources */ = {isa = PBXBuildFile; fileRef = 3B8B9E9222819D870033A7F4 /* AppDelegate.m */; };
		3B8B9E9622819D870033A7F4 /* ViewController.m in Sources */ = {isa = PBXBuildFile; fileRef = 3B8B9E9522819D870033A7F4 /* ViewController.m */; };
		3B8B9E9922819D870033A7F4 /* Main.storyboard in Resources */ = {isa = PBXBuildFile; fileRef = 3B8B9E9722819D870033A7F4 /* Main.storyboard */; };
		3B8B9E9B22819D890033A7F4 /* Assets.xcassets in Resources */ = {isa = PBXBuildFile; fileRef = 3B8B9E9A22819D890033A7F4 /* Assets.xcassets */; };
		3B8B9E9E22819D890033A7F4 /* LaunchScreen.storyboard in Resources */ = {isa = PBXBuildFile; fileRef = 3B8B9E9C22819D890033A7F4 /* LaunchScreen.storyboard */; };
		3B8B9EA122819D890033A7F4 /* main.m in Sources */ = {isa = PBXBuildFile; fileRef = 3B8B9EA022819D890033A7F4 /* main.m */; };
		3B8B9EB022819DC00033A7F4 /* UIScrollView+Offset.m in Sources */ = {isa = PBXBuildFile; fileRef = 3B8B9EA822819DC00033A7F4 /* UIScrollView+Offset.m */; };
		3B8B9EB122819DC00033A7F4 /* UIView+Quick.m in Sources */ = {isa = PBXBuildFile; fileRef = 3B8B9EAA22819DC00033A7F4 /* UIView+Quick.m */; };
		3B8B9EB222819DC00033A7F4 /* UIViewController+Scroll.m in Sources */ = {isa = PBXBuildFile; fileRef = 3B8B9EAE22819DC00033A7F4 /* UIViewController+Scroll.m */; };
		3B8B9EB322819DC00033A7F4 /* EPPageViewControllerHandler.m in Sources */ = {isa = PBXBuildFile; fileRef = 3B8B9EAF22819DC00033A7F4 /* EPPageViewControllerHandler.m */; };
		3B8B9EB722819E470033A7F4 /* SubViewController.m in Sources */ = {isa = PBXBuildFile; fileRef = 3B8B9EB522819E470033A7F4 /* SubViewController.m */; };
		3B8B9EB822819E470033A7F4 /* SubViewController.xib in Resources */ = {isa = PBXBuildFile; fileRef = 3B8B9EB622819E470033A7F4 /* SubViewController.xib */; };
/* End PBXBuildFile section */

/* Begin PBXFileReference section */
		3B8B9E8E22819D870033A7F4 /* PageControllerDemo.app */ = {isa = PBXFileReference; explicitFileType = wrapper.application; includeInIndex = 0; path = PageControllerDemo.app; sourceTree = BUILT_PRODUCTS_DIR; };
		3B8B9E9122819D870033A7F4 /* AppDelegate.h */ = {isa = PBXFileReference; lastKnownFileType = sourcecode.c.h; path = AppDelegate.h; sourceTree = "<group>"; };
		3B8B9E9222819D870033A7F4 /* AppDelegate.m */ = {isa = PBXFileReference; lastKnownFileType = sourcecode.c.objc; path = AppDelegate.m; sourceTree = "<group>"; };
		3B8B9E9422819D870033A7F4 /* ViewController.h */ = {isa = PBXFileReference; lastKnownFileType = sourcecode.c.h; path = ViewController.h; sourceTree = "<group>"; };
		3B8B9E9522819D870033A7F4 /* ViewController.m */ = {isa = PBXFileReference; lastKnownFileType = sourcecode.c.objc; path = ViewController.m; sourceTree = "<group>"; };
		3B8B9E9822819D870033A7F4 /* Base */ = {isa = PBXFileReference; lastKnownFileType = file.storyboard; name = Base; path = Base.lproj/Main.storyboard; sourceTree = "<group>"; };
		3B8B9E9A22819D890033A7F4 /* Assets.xcassets */ = {isa = PBXFileReference; lastKnownFileType = folder.assetcatalog; path = Assets.xcassets; sourceTree = "<group>"; };
		3B8B9E9D22819D890033A7F4 /* Base */ = {isa = PBXFileReference; lastKnownFileType = file.storyboard; name = Base; path = Base.lproj/LaunchScreen.storyboard; sourceTree = "<group>"; };
		3B8B9E9F22819D890033A7F4 /* Info.plist */ = {isa = PBXFileReference; lastKnownFileType = text.plist.xml; path = Info.plist; sourceTree = "<group>"; };
		3B8B9EA022819D890033A7F4 /* main.m */ = {isa = PBXFileReference; lastKnownFileType = sourcecode.c.objc; path = main.m; sourceTree = "<group>"; };
		3B8B9EA822819DC00033A7F4 /* UIScrollView+Offset.m */ = {isa = PBXFileReference; fileEncoding = 4; lastKnownFileType = sourcecode.c.objc; path = "UIScrollView+Offset.m"; sourceTree = "<group>"; };
		3B8B9EA922819DC00033A7F4 /* UIViewController+Scroll.h */ = {isa = PBXFileReference; fileEncoding = 4; lastKnownFileType = sourcecode.c.h; path = "UIViewController+Scroll.h"; sourceTree = "<group>"; };
		3B8B9EAA22819DC00033A7F4 /* UIView+Quick.m */ = {isa = PBXFileReference; fileEncoding = 4; lastKnownFileType = sourcecode.c.objc; path = "UIView+Quick.m"; sourceTree = "<group>"; };
		3B8B9EAB22819DC00033A7F4 /* EPPageViewControllerHandler.h */ = {isa = PBXFileReference; fileEncoding = 4; lastKnownFileType = sourcecode.c.h; path = EPPageViewControllerHandler.h; sourceTree = "<group>"; };
		3B8B9EAC22819DC00033A7F4 /* UIScrollView+Offset.h */ = {isa = PBXFileReference; fileEncoding = 4; lastKnownFileType = sourcecode.c.h; path = "UIScrollView+Offset.h"; sourceTree = "<group>"; };
		3B8B9EAD22819DC00033A7F4 /* UIView+Quick.h */ = {isa = PBXFileReference; fileEncoding = 4; lastKnownFileType = sourcecode.c.h; path = "UIView+Quick.h"; sourceTree = "<group>"; };
		3B8B9EAE22819DC00033A7F4 /* UIViewController+Scroll.m */ = {isa = PBXFileReference; fileEncoding = 4; lastKnownFileType = sourcecode.c.objc; path = "UIViewController+Scroll.m"; sourceTree = "<group>"; };
		3B8B9EAF22819DC00033A7F4 /* EPPageViewControllerHandler.m */ = {isa = PBXFileReference; fileEncoding = 4; lastKnownFileType = sourcecode.c.objc; path = EPPageViewControllerHandler.m; sourceTree = "<group>"; };
		3B8B9EB422819E470033A7F4 /* SubViewController.h */ = {isa = PBXFileReference; lastKnownFileType = sourcecode.c.h; path = SubViewController.h; sourceTree = "<group>"; };
		3B8B9EB522819E470033A7F4 /* SubViewController.m */ = {isa = PBXFileReference; lastKnownFileType = sourcecode.c.objc; path = SubViewController.m; sourceTree = "<group>"; };
		3B8B9EB622819E470033A7F4 /* SubViewController.xib */ = {isa = PBXFileReference; lastKnownFileType = file.xib; path = SubViewController.xib; sourceTree = "<group>"; };
/* End PBXFileReference section */

/* Begin PBXFrameworksBuildPhase section */
		3B8B9E8B22819D870033A7F4 /* Frameworks */ = {
			isa = PBXFrameworksBuildPhase;
			buildActionMask = 2147483647;
			files = (
			);
			runOnlyForDeploymentPostprocessing = 0;
		};
/* End PBXFrameworksBuildPhase section */

/* Begin PBXGroup section */
		3B8B9E8522819D870033A7F4 = {
			isa = PBXGroup;
			children = (
				3B8B9E9022819D870033A7F4 /* PageControllerDemo */,
				3B8B9E8F22819D870033A7F4 /* Products */,
			);
			sourceTree = "<group>";
		};
		3B8B9E8F22819D870033A7F4 /* Products */ = {
			isa = PBXGroup;
			children = (
				3B8B9E8E22819D870033A7F4 /* PageControllerDemo.app */,
			);
			name = Products;
			sourceTree = "<group>";
		};
		3B8B9E9022819D870033A7F4 /* PageControllerDemo */ = {
			isa = PBXGroup;
			children = (
				3B8B9EA722819DC00033A7F4 /* PageControllerHandler */,
				3B8B9E9122819D870033A7F4 /* AppDelegate.h */,
				3B8B9E9222819D870033A7F4 /* AppDelegate.m */,
				3B8B9E9422819D870033A7F4 /* ViewController.h */,
				3B8B9E9522819D870033A7F4 /* ViewController.m */,
				3B8B9EB422819E470033A7F4 /* SubViewController.h */,
				3B8B9EB522819E470033A7F4 /* SubViewController.m */,
				3B8B9EB622819E470033A7F4 /* SubViewController.xib */,
				3B8B9E9722819D870033A7F4 /* Main.storyboard */,
				3B8B9E9A22819D890033A7F4 /* Assets.xcassets */,
				3B8B9E9C22819D890033A7F4 /* LaunchScreen.storyboard */,
				3B8B9E9F22819D890033A7F4 /* Info.plist */,
				3B8B9EA022819D890033A7F4 /* main.m */,
			);
			path = PageControllerDemo;
			sourceTree = "<group>";
		};
		3B8B9EA722819DC00033A7F4 /* PageControllerHandler */ = {
			isa = PBXGroup;
			children = (
				3B8B9EAB22819DC00033A7F4 /* EPPageViewControllerHandler.h */,
				3B8B9EAF22819DC00033A7F4 /* EPPageViewControllerHandler.m */,
				3B8B9EAD22819DC00033A7F4 /* UIView+Quick.h */,
				3B8B9EAA22819DC00033A7F4 /* UIView+Quick.m */,
				3B8B9EAC22819DC00033A7F4 /* UIScrollView+Offset.h */,
				3B8B9EA822819DC00033A7F4 /* UIScrollView+Offset.m */,
				3B8B9EAE22819DC00033A7F4 /* UIViewController+Scroll.m */,
				3B8B9EA922819DC00033A7F4 /* UIViewController+Scroll.h */,
			);
			path = PageControllerHandler;
			sourceTree = "<group>";
		};
/* End PBXGroup section */

/* Begin PBXNativeTarget section */
		3B8B9E8D22819D870033A7F4 /* PageControllerDemo */ = {
			isa = PBXNativeTarget;
			buildConfigurationList = 3B8B9EA422819D890033A7F4 /* Build configuration list for PBXNativeTarget "PageControllerDemo" */;
			buildPhases = (
				3B8B9E8A22819D870033A7F4 /* Sources */,
				3B8B9E8B22819D870033A7F4 /* Frameworks */,
				3B8B9E8C22819D870033A7F4 /* Resources */,
			);
			buildRules = (
			);
			dependencies = (
			);
			name = PageControllerDemo;
			productName = PageControllerDemo;
			productReference = 3B8B9E8E22819D870033A7F4 /* PageControllerDemo.app */;
			productType = "com.apple.product-type.application";
		};
/* End PBXNativeTarget section */

/* Begin PBXProject section */
		3B8B9E8622819D870033A7F4 /* Project object */ = {
			isa = PBXProject;
			attributes = {
				LastUpgradeCheck = 1010;
				ORGANIZATIONNAME = Visager;
				TargetAttributes = {
					3B8B9E8D22819D870033A7F4 = {
						CreatedOnToolsVersion = 10.1;
					};
				};
			};
			buildConfigurationList = 3B8B9E8922819D870033A7F4 /* Build configuration list for PBXProject "PageControllerDemo" */;
			compatibilityVersion = "Xcode 9.3";
			developmentRegion = en;
			hasScannedForEncodings = 0;
			knownRegions = (
				en,
				Base,
			);
			mainGroup = 3B8B9E8522819D870033A7F4;
			productRefGroup = 3B8B9E8F22819D870033A7F4 /* Products */;
			projectDirPath = "";
			projectRoot = "";
			targets = (
				3B8B9E8D22819D870033A7F4 /* PageControllerDemo */,
			);
		};
/* End PBXProject section */

/* Begin PBXResourcesBuildPhase section */
		3B8B9E8C22819D870033A7F4 /* Resources */ = {
			isa = PBXResourcesBuildPhase;
			buildActionMask = 2147483647;
			files = (
				3B8B9E9E22819D890033A7F4 /* LaunchScreen.storyboard in Resources */,
				3B8B9E9B22819D890033A7F4 /* Assets.xcassets in Resources */,
				3B8B9E9922819D870033A7F4 /* Main.storyboard in Resources */,
				3B8B9EB822819E470033A7F4 /* SubViewController.xib in Resources */,
			);
			runOnlyForDeploymentPostprocessing = 0;
		};
/* End PBXResourcesBuildPhase section */

/* Begin PBXSourcesBuildPhase section */
		3B8B9E8A22819D870033A7F4 /* Sources */ = {
			isa = PBXSourcesBuildPhase;
			buildActionMask = 2147483647;
			files = (
				3B8B9E9622819D870033A7F4 /* ViewController.m in Sources */,
				3B8B9EA122819D890033A7F4 /* main.m in Sources */,
				3B8B9EB022819DC00033A7F4 /* UIScrollView+Offset.m in Sources */,
				3B8B9EB122819DC00033A7F4 /* UIView+Quick.m in Sources */,
				3B8B9E9322819D870033A7F4 /* AppDelegate.m in Sources */,
				3B8B9EB322819DC00033A7F4 /* EPPageViewControllerHandler.m in Sources */,
				3B8B9EB222819DC00033A7F4 /* UIViewController+Scroll.m in Sources */,
				3B8B9EB722819E470033A7F4 /* SubViewController.m in Sources */,
			);
			runOnlyForDeploymentPostprocessing = 0;
		};
/* End PBXSourcesBuildPhase section */

/* Begin PBXVariantGroup section */
		3B8B9E9722819D870033A7F4 /* Main.storyboard */ = {
			isa = PBXVariantGroup;
			children = (
				3B8B9E9822819D870033A7F4 /* Base */,
			);
			name = Main.storyboard;
			sourceTree = "<group>";
		};
		3B8B9E9C22819D890033A7F4 /* LaunchScreen.storyboard */ = {
			isa = PBXVariantGroup;
			children = (
				3B8B9E9D22819D890033A7F4 /* Base */,
			);
			name = LaunchScreen.storyboard;
			sourceTree = "<group>";
		};
/* End PBXVariantGroup section */

/* Begin XCBuildConfiguration section */
		3B8B9EA222819D890033A7F4 /* Debug */ = {
			isa = XCBuildConfiguration;
			buildSettings = {
				ALWAYS_SEARCH_USER_PATHS = NO;
				CLANG_ANALYZER_NONNULL = YES;
				CLANG_ANALYZER_NUMBER_OBJECT_CONVERSION = YES_AGGRESSIVE;
				CLANG_CXX_LANGUAGE_STANDARD = "gnu++14";
				CLANG_CXX_LIBRARY = "libc++";
				CLANG_ENABLE_MODULES = YES;
				CLANG_ENABLE_OBJC_ARC = YES;
				CLANG_ENABLE_OBJC_WEAK = YES;
				CLANG_WARN_BLOCK_CAPTURE_AUTORELEASING = YES;
				CLANG_WARN_BOOL_CONVERSION = YES;
				CLANG_WARN_COMMA = YES;
				CLANG_WARN_CONSTANT_CONVERSION = YES;
				CLANG_WARN_DEPRECATED_OBJC_IMPLEMENTATIONS = YES;
				CLANG_WARN_DIRECT_OBJC_ISA_USAGE = YES_ERROR;
				CLANG_WARN_DOCUMENTATION_COMMENTS = YES;
				CLANG_WARN_EMPTY_BODY = YES;
				CLANG_WARN_ENUM_CONVERSION = YES;
				CLANG_WARN_INFINITE_RECURSION = YES;
				CLANG_WARN_INT_CONVERSION = YES;
				CLANG_WARN_NON_LITERAL_NULL_CONVERSION = YES;
				CLANG_WARN_OBJC_IMPLICIT_RETAIN_SELF = YES;
				CLANG_WARN_OBJC_LITERAL_CONVERSION = YES;
				CLANG_WARN_OBJC_ROOT_CLASS = YES_ERROR;
				CLANG_WARN_RANGE_LOOP_ANALYSIS = YES;
				CLANG_WARN_STRICT_PROTOTYPES = YES;
				CLANG_WARN_SUSPICIOUS_MOVE = YES;
				CLANG_WARN_UNGUARDED_AVAILABILITY = YES_AGGRESSIVE;
				CLANG_WARN_UNREACHABLE_CODE = YES;
				CLANG_WARN__DUPLICATE_METHOD_MATCH = YES;
				CODE_SIGN_IDENTITY = "iPhone Developer";
				COPY_PHASE_STRIP = NO;
				DEBUG_INFORMATION_FORMAT = dwarf;
				ENABLE_STRICT_OBJC_MSGSEND = YES;
				ENABLE_TESTABILITY = YES;
				GCC_C_LANGUAGE_STANDARD = gnu11;
				GCC_DYNAMIC_NO_PIC = NO;
				GCC_NO_COMMON_BLOCKS = YES;
				GCC_OPTIMIZATION_LEVEL = 0;
				GCC_PREPROCESSOR_DEFINITIONS = (
					"DEBUG=1",
					"$(inherited)",
				);
				GCC_WARN_64_TO_32_BIT_CONVERSION = YES;
				GCC_WARN_ABOUT_RETURN_TYPE = YES_ERROR;
				GCC_WARN_UNDECLARED_SELECTOR = YES;
				GCC_WARN_UNINITIALIZED_AUTOS = YES_AGGRESSIVE;
				GCC_WARN_UNUSED_FUNCTION = YES;
				GCC_WARN_UNUSED_VARIABLE = YES;
				IPHONEOS_DEPLOYMENT_TARGET = 12.1;
				MTL_ENABLE_DEBUG_INFO = INCLUDE_SOURCE;
				MTL_FAST_MATH = YES;
				ONLY_ACTIVE_ARCH = YES;
				SDKROOT = iphoneos;
			};
			name = Debug;
		};
		3B8B9EA322819D890033A7F4 /* Release */ = {
			isa = XCBuildConfiguration;
			buildSettings = {
				ALWAYS_SEARCH_USER_PATHS = NO;
				CLANG_ANALYZER_NONNULL = YES;
				CLANG_ANALYZER_NUMBER_OBJECT_CONVERSION = YES_AGGRESSIVE;
				CLANG_CXX_LANGUAGE_STANDARD = "gnu++14";
				CLANG_CXX_LIBRARY = "libc++";
				CLANG_ENABLE_MODULES = YES;
				CLANG_ENABLE_OBJC_ARC = YES;
				CLANG_ENABLE_OBJC_WEAK = YES;
				CLANG_WARN_BLOCK_CAPTURE_AUTORELEASING = YES;
				CLANG_WARN_BOOL_CONVERSION = YES;
				CLANG_WARN_COMMA = YES;
				CLANG_WARN_CONSTANT_CONVERSION = YES;
				CLANG_WARN_DEPRECATED_OBJC_IMPLEMENTATIONS = YES;
				CLANG_WARN_DIRECT_OBJC_ISA_USAGE = YES_ERROR;
				CLANG_WARN_DOCUMENTATION_COMMENTS = YES;
				CLANG_WARN_EMPTY_BODY = YES;
				CLANG_WARN_ENUM_CONVERSION = YES;
				CLANG_WARN_INFINITE_RECURSION = YES;
				CLANG_WARN_INT_CONVERSION = YES;
				CLANG_WARN_NON_LITERAL_NULL_CONVERSION = YES;
				CLANG_WARN_OBJC_IMPLICIT_RETAIN_SELF = YES;
				CLANG_WARN_OBJC_LITERAL_CONVERSION = YES;
				CLANG_WARN_OBJC_ROOT_CLASS = YES_ERROR;
				CLANG_WARN_RANGE_LOOP_ANALYSIS = YES;
				CLANG_WARN_STRICT_PROTOTYPES = YES;
				CLANG_WARN_SUSPICIOUS_MOVE = YES;
				CLANG_WARN_UNGUARDED_AVAILABILITY = YES_AGGRESSIVE;
				CLANG_WARN_UNREACHABLE_CODE = YES;
				CLANG_WARN__DUPLICATE_METHOD_MATCH = YES;
				CODE_SIGN_IDENTITY = "iPhone Developer";
				COPY_PHASE_STRIP = NO;
				DEBUG_INFORMATION_FORMAT = "dwarf-with-dsym";
				ENABLE_NS_ASSERTIONS = NO;
				ENABLE_STRICT_OBJC_MSGSEND = YES;
				GCC_C_LANGUAGE_STANDARD = gnu11;
				GCC_NO_COMMON_BLOCKS = YES;
				GCC_WARN_64_TO_32_BIT_CONVERSION = YES;
				GCC_WARN_ABOUT_RETURN_TYPE = YES_ERROR;
				GCC_WARN_UNDECLARED_SELECTOR = YES;
				GCC_WARN_UNINITIALIZED_AUTOS = YES_AGGRESSIVE;
				GCC_WARN_UNUSED_FUNCTION = YES;
				GCC_WARN_UNUSED_VARIABLE = YES;
				IPHONEOS_DEPLOYMENT_TARGET = 12.1;
				MTL_ENABLE_DEBUG_INFO = NO;
				MTL_FAST_MATH = YES;
				SDKROOT = iphoneos;
				VALIDATE_PRODUCT = YES;
			};
			name = Release;
		};
		3B8B9EA522819D890033A7F4 /* Debug */ = {
			isa = XCBuildConfiguration;
			buildSettings = {
				ASSETCATALOG_COMPILER_APPICON_NAME = AppIcon;
				CODE_SIGN_STYLE = Automatic;
				INFOPLIST_FILE = PageControllerDemo/Info.plist;
				LD_RUNPATH_SEARCH_PATHS = (
					"$(inherited)",
					"@executable_path/Frameworks",
				);
				PRODUCT_BUNDLE_IDENTIFIER = company.visager.PageControllerDemo;
				PRODUCT_NAME = "$(TARGET_NAME)";
				TARGETED_DEVICE_FAMILY = "1,2";
			};
			name = Debug;
		};
		3B8B9EA622819D890033A7F4 /* Release */ = {
			isa = XCBuildConfiguration;
			buildSettings = {
				ASSETCATALOG_COMPILER_APPICON_NAME = AppIcon;
				CODE_SIGN_STYLE = Automatic;
				INFOPLIST_FILE = PageControllerDemo/Info.plist;
				LD_RUNPATH_SEARCH_PATHS = (
					"$(inherited)",
					"@executable_path/Frameworks",
				);
				PRODUCT_BUNDLE_IDENTIFIER = company.visager.PageControllerDemo;
				PRODUCT_NAME = "$(TARGET_NAME)";
				TARGETED_DEVICE_FAMILY = "1,2";
			};
			name = Release;
		};
/* End XCBuildConfiguration section */

/* Begin XCConfigurationList section */
		3B8B9E8922819D870033A7F4 /* Build configuration list for PBXProject "PageControllerDemo" */ = {
			isa = XCConfigurationList;
			buildConfigurations = (
				3B8B9EA222819D890033A7F4 /* Debug */,
				3B8B9EA322819D890033A7F4 /* Release */,
			);
			defaultConfigurationIsVisible = 0;
			defaultConfigurationName = Release;
		};
		3B8B9EA422819D890033A7F4 /* Build configuration list for PBXNativeTarget "PageControllerDemo" */ = {
			isa = XCConfigurationList;
			buildConfigurations = (
				3B8B9EA522819D890033A7F4 /* Debug */,
				3B8B9EA622819D890033A7F4 /* Release */,
			);
			defaultConfigurationIsVisible = 0;
			defaultConfigurationName = Release;
		};
/* End XCConfigurationList section */
	};
	rootObject = 3B8B9E8622819D870033A7F4 /* Project object */;
}
